
Microsoft Visual Studio Solution File, Format Version 12.00
Project("{FAE04EC0-301F-11D3-BF4B-00C04F79EFBC}") = "FileExplorerApp", "FileExplorerApp.csproj", "{DA0869A6-9FE8-4FFB-AF20-1C287D047837}"
EndProject
Global
	GlobalSection(SolutionConfigurationPlatforms) = preSolution
		Debug|Any CPU = Debug|Any CPU
		Release|Any CPU = Release|Any CPU
	EndGlobalSection
	GlobalSection(ProjectConfigurationPlatforms) = postSolution
		{DA0869A6-9FE8-4FFB-AF20-1C287D047837}.Debug|Any CPU.ActiveCfg = Debug|Any CPU
		{DA0869A6-9FE8-4FFB-AF20-1C287D047837}.Debug|Any CPU.Build.0 = Debug|Any CPU
		{DA0869A6-9FE8-4FFB-AF20-1C287D047837}.Release|Any CPU.ActiveCfg = Release|Any CPU
		{DA0869A6-9FE8-4FFB-AF20-1C287D047837}.Release|Any CPU.Build.0 = Release|Any CPU
	EndGlobalSection
EndGlobal
